// !$*UTF8*$!
{
	archiveVersion = 1;
	classes = {
	};
	objectVersion = 46;
	objects = {

/* Begin PBXBuildFile section */
		305C18356C44AEABDF3105AC /* Pods_Aim_.framework in Frameworks */ = {isa = PBXBuildFile; fileRef = EB7433A6F6591F15CE8DD57F /* Pods_Aim_.framework */; };
		75659762C66996131985A075 /* Pods_Aim__Extension.framework in Frameworks */ = {isa = PBXBuildFile; fileRef = BC579E14087983E2E7125488 /* Pods_Aim__Extension.framework */; };
		9C02AF671EC532F800B0A68F /* TimerUtility.swift in Sources */ = {isa = PBXBuildFile; fileRef = 9C02AF661EC532F800B0A68F /* TimerUtility.swift */; };
		9C02AF691EC5350000B0A68F /* SessionDurationManager.swift in Sources */ = {isa = PBXBuildFile; fileRef = 9C02AF681EC5350000B0A68F /* SessionDurationManager.swift */; };
		9C02AF6B1EC53A1500B0A68F /* AimSessionDurationInfoDelegate.swift in Sources */ = {isa = PBXBuildFile; fileRef = 9C02AF6A1EC53A1500B0A68F /* AimSessionDurationInfoDelegate.swift */; };
		9C02AF6D1EC6728300B0A68F /* CoreMotion.framework in Frameworks */ = {isa = PBXBuildFile; fileRef = 9C02AF6C1EC6728300B0A68F /* CoreMotion.framework */; };
		9C02AF6F1EC6729500B0A68F /* CoreSpotlight.framework in Frameworks */ = {isa = PBXBuildFile; fileRef = 9C02AF6E1EC6729500B0A68F /* CoreSpotlight.framework */; };
		9C02AF711EC7B53700B0A68F /* CoreLocation.framework in Frameworks */ = {isa = PBXBuildFile; fileRef = 9C02AF701EC7B53700B0A68F /* CoreLocation.framework */; };
		9C03015C1EEA413100D2C0B4 /* AimCustomRaisedButton.swift in Sources */ = {isa = PBXBuildFile; fileRef = 9C03015B1EEA413100D2C0B4 /* AimCustomRaisedButton.swift */; };
		9C0D6B5C1EDAA70D00B0542D /* AimMainSessionSelectionInterfaceController.swift in Sources */ = {isa = PBXBuildFile; fileRef = 9C0D6B5A1EDAA6AA00B0542D /* AimMainSessionSelectionInterfaceController.swift */; };
		9C0D6B5E1EDAA78300B0542D /* AimSessionInterfaceController.swift in Sources */ = {isa = PBXBuildFile; fileRef = 9C0D6B561EDAA3BE00B0542D /* AimSessionInterfaceController.swift */; };
		9C0D6B601EDAA7E900B0542D /* AimSessionSelectionTable.swift in Sources */ = {isa = PBXBuildFile; fileRef = 9C0D6B5F1EDAA7E900B0542D /* AimSessionSelectionTable.swift */; };
		9C0D6B631EDAACEA00B0542D /* AimSessionRowController.swift in Sources */ = {isa = PBXBuildFile; fileRef = 9C0D6B621EDAACEA00B0542D /* AimSessionRowController.swift */; };
		9C1035871EE0D7C300535645 /* AimSession.swift in Sources */ = {isa = PBXBuildFile; fileRef = 9C9E49AF1EA0518A00D5D368 /* AimSession.swift */; };
		9C1035891EE0D7E800535645 /* AimUser.swift in Sources */ = {isa = PBXBuildFile; fileRef = 9C1035881EE0D7E800535645 /* AimUser.swift */; };
		9C10358E1EE0D9FC00535645 /* Realm.framework in Frameworks */ = {isa = PBXBuildFile; fileRef = 9C10358C1EE0D9FC00535645 /* Realm.framework */; };
		9C10358F1EE0D9FC00535645 /* Realm.framework in Embed Frameworks */ = {isa = PBXBuildFile; fileRef = 9C10358C1EE0D9FC00535645 /* Realm.framework */; settings = {ATTRIBUTES = (CodeSignOnCopy, RemoveHeadersOnCopy, ); }; };
		9C1035901EE0D9FC00535645 /* RealmSwift.framework in Frameworks */ = {isa = PBXBuildFile; fileRef = 9C10358D1EE0D9FC00535645 /* RealmSwift.framework */; };
		9C1035911EE0D9FC00535645 /* RealmSwift.framework in Embed Frameworks */ = {isa = PBXBuildFile; fileRef = 9C10358D1EE0D9FC00535645 /* RealmSwift.framework */; settings = {ATTRIBUTES = (CodeSignOnCopy, RemoveHeadersOnCopy, ); }; };
		9C1035931EE0DA0200535645 /* AimUser.swift in Sources */ = {isa = PBXBuildFile; fileRef = 9C1035881EE0D7E800535645 /* AimUser.swift */; };
		9C153F9E1ED4C65800DE3BC8 /* AimSessionAddingPopupViewController.swift in Sources */ = {isa = PBXBuildFile; fileRef = 9C153F9D1ED4C65800DE3BC8 /* AimSessionAddingPopupViewController.swift */; };
		9C1944171EEF7F3800F9C68D /* AimUserAccountInfoViewController.swift in Sources */ = {isa = PBXBuildFile; fileRef = 9C1944161EEF7F3800F9C68D /* AimUserAccountInfoViewController.swift */; };
		9C3203A11EB57AD300FD6746 /* AimSessionForceSelectionProtocol.swift in Sources */ = {isa = PBXBuildFile; fileRef = 9C3203A01EB57AD300FD6746 /* AimSessionForceSelectionProtocol.swift */; };
		9C3203A41EB6A24300FD6746 /* AimQuoteView.swift in Sources */ = {isa = PBXBuildFile; fileRef = 9C3203A31EB6A24300FD6746 /* AimQuoteView.swift */; };
		9C356B411E7DBAC6008C1BEE /* AimSessionSelectionVCCollectionViewCell.swift in Sources */ = {isa = PBXBuildFile; fileRef = 9C356B401E7DBAC6008C1BEE /* AimSessionSelectionVCCollectionViewCell.swift */; };
		9C3A3A031E7DE7320053D8AC /* AimAwardsViewController.swift in Sources */ = {isa = PBXBuildFile; fileRef = 9C3A3A021E7DE7320053D8AC /* AimAwardsViewController.swift */; };
		9C3E31D41E677B2400963631 /* AimSessionSelectionMainViewController.swift in Sources */ = {isa = PBXBuildFile; fileRef = 9C3E31D31E677B2400963631 /* AimSessionSelectionMainViewController.swift */; };
		9C6221891EC16D2D00D38B92 /* AimSettingsTableViewController.swift in Sources */ = {isa = PBXBuildFile; fileRef = 9C6221881EC16D2D00D38B92 /* AimSettingsTableViewController.swift */; };
		9C62218B1EC280DA00D38B92 /* AimSessionViewController.swift in Sources */ = {isa = PBXBuildFile; fileRef = 9C62218A1EC280DA00D38B92 /* AimSessionViewController.swift */; };
		9C62218D1EC2C78900D38B92 /* AimForceTouchSelectionSettingsTableViewController.swift in Sources */ = {isa = PBXBuildFile; fileRef = 9C62218C1EC2C78900D38B92 /* AimForceTouchSelectionSettingsTableViewController.swift */; };
		9C646DE21E7884DB007D4578 /* PhosphateProInline.otf in Resources */ = {isa = PBXBuildFile; fileRef = 9C646DE11E7884DB007D4578 /* PhosphateProInline.otf */; };
		9C646DE41E7884DB007D4578 /* PhosphateProInline.otf in Resources */ = {isa = PBXBuildFile; fileRef = 9C646DE11E7884DB007D4578 /* PhosphateProInline.otf */; };
		9C646DE51E7884E8007D4578 /* PhosphateProInline.otf in Resources */ = {isa = PBXBuildFile; fileRef = 9C646DE11E7884DB007D4578 /* PhosphateProInline.otf */; };
		9C68909E1DA5DA8D005CA654 /* AppDelegate.swift in Sources */ = {isa = PBXBuildFile; fileRef = 9C68909D1DA5DA8D005CA654 /* AppDelegate.swift */; };
		9C6890A31DA5DA8D005CA654 /* Main.storyboard in Resources */ = {isa = PBXBuildFile; fileRef = 9C6890A11DA5DA8D005CA654 /* Main.storyboard */; };
		9C6890A51DA5DA8D005CA654 /* Assets.xcassets in Resources */ = {isa = PBXBuildFile; fileRef = 9C6890A41DA5DA8D005CA654 /* Assets.xcassets */; };
		9C6890A81DA5DA8D005CA654 /* LaunchScreen.storyboard in Resources */ = {isa = PBXBuildFile; fileRef = 9C6890A61DA5DA8D005CA654 /* LaunchScreen.storyboard */; };
		9C6890B31DA5DA8D005CA654 /* Aim_Tests.swift in Sources */ = {isa = PBXBuildFile; fileRef = 9C6890B21DA5DA8D005CA654 /* Aim_Tests.swift */; };
		9C6890C91DA5E5C0005CA654 /* Interface.storyboard in Resources */ = {isa = PBXBuildFile; fileRef = 9C6890C71DA5E5C0005CA654 /* Interface.storyboard */; };
		9C6890CB1DA5E5C0005CA654 /* Assets.xcassets in Resources */ = {isa = PBXBuildFile; fileRef = 9C6890CA1DA5E5C0005CA654 /* Assets.xcassets */; };
		9C6890D21DA5E5C0005CA654 /* Aim! Extension.appex in Embed App Extensions */ = {isa = PBXBuildFile; fileRef = 9C6890D11DA5E5C0005CA654 /* Aim! Extension.appex */; settings = {ATTRIBUTES = (RemoveHeadersOnCopy, ); }; };
		9C6890D91DA5E5C0005CA654 /* AimMainInterfaceController.swift in Sources */ = {isa = PBXBuildFile; fileRef = 9C6890D81DA5E5C0005CA654 /* AimMainInterfaceController.swift */; };
		9C6890DB1DA5E5C0005CA654 /* ExtensionDelegate.swift in Sources */ = {isa = PBXBuildFile; fileRef = 9C6890DA1DA5E5C0005CA654 /* ExtensionDelegate.swift */; };
		9C6890DD1DA5E5C0005CA654 /* NotificationController.swift in Sources */ = {isa = PBXBuildFile; fileRef = 9C6890DC1DA5E5C0005CA654 /* NotificationController.swift */; };
		9C6890DF1DA5E5C0005CA654 /* Assets.xcassets in Resources */ = {isa = PBXBuildFile; fileRef = 9C6890DE1DA5E5C0005CA654 /* Assets.xcassets */; };
		9C6890E31DA5E5C0005CA654 /* Aim! .app in Embed Watch Content */ = {isa = PBXBuildFile; fileRef = 9C6890C51DA5E5C0005CA654 /* Aim! .app */; };
		9C7160261DC5A940003C7773 /* AimDurationDelegate.swift in Sources */ = {isa = PBXBuildFile; fileRef = 9C7160241DC5A940003C7773 /* AimDurationDelegate.swift */; };
		9C7160271DC5A940003C7773 /* TimerManager.swift in Sources */ = {isa = PBXBuildFile; fileRef = 9C7160251DC5A940003C7773 /* TimerManager.swift */; };
		9C73A4781EDF85D5007C7F1F /* AimSessionCentral.swift in Sources */ = {isa = PBXBuildFile; fileRef = 9C73A4771EDF85D5007C7F1F /* AimSessionCentral.swift */; };
		9C73A47A1EDF943C007C7F1F /* AimSessionCentral.swift in Sources */ = {isa = PBXBuildFile; fileRef = 9C73A4771EDF85D5007C7F1F /* AimSessionCentral.swift */; };
		9C89F7171EE3504A008AE8CC /* AimSessionFetchedArrayExtension.swift in Sources */ = {isa = PBXBuildFile; fileRef = 9C89F7161EE3504A008AE8CC /* AimSessionFetchedArrayExtension.swift */; };
		9C8BD1BB1EE214C30026188C /* AimSessionLite.swift in Sources */ = {isa = PBXBuildFile; fileRef = 9C8BD1BA1EE214C30026188C /* AimSessionLite.swift */; };
		9C8BD1BD1EE238320026188C /* AimSessionLite.swift in Sources */ = {isa = PBXBuildFile; fileRef = 9C8BD1BA1EE214C30026188C /* AimSessionLite.swift */; };
		9C8BD1BF1EE3400C0026188C /* AimImageCachingExtension.swift in Sources */ = {isa = PBXBuildFile; fileRef = 9C8BD1BE1EE3400C0026188C /* AimImageCachingExtension.swift */; };
		9C9E49B01EA0518A00D5D368 /* AimSession.swift in Sources */ = {isa = PBXBuildFile; fileRef = 9C9E49AF1EA0518A00D5D368 /* AimSession.swift */; };
		9CB1592D1EA3019F000039F0 /* AimSessionAddingPopUpView.swift in Sources */ = {isa = PBXBuildFile; fileRef = 9CB1592C1EA3019F000039F0 /* AimSessionAddingPopUpView.swift */; };
		9CB6401F1EF89914009EB61E /* AimNotificationSettingsTableViewController.swift in Sources */ = {isa = PBXBuildFile; fileRef = 9CB6401E1EF89914009EB61E /* AimNotificationSettingsTableViewController.swift */; };
		9CC013501E458D2200EDC879 /* AimLoginViewController.swift in Sources */ = {isa = PBXBuildFile; fileRef = 9CC0134F1E458D2200EDC879 /* AimLoginViewController.swift */; };
		9CC013521E459EE500EDC879 /* LoginViewControllerTextField.swift in Sources */ = {isa = PBXBuildFile; fileRef = 9CC013511E459EE500EDC879 /* LoginViewControllerTextField.swift */; };
		9CD69A671EF357F800521877 /* AimTokenConversionManager.swift in Sources */ = {isa = PBXBuildFile; fileRef = 9CD69A661EF357F800521877 /* AimTokenConversionManager.swift */; };
		9CE0E4481EFC806A00428B19 /* AimTokenConversionManager.swift in Sources */ = {isa = PBXBuildFile; fileRef = 9CD69A661EF357F800521877 /* AimTokenConversionManager.swift */; };
		9CE0E44B1EFC957B00428B19 /* TimerManager.swift in Sources */ = {isa = PBXBuildFile; fileRef = 9C7160251DC5A940003C7773 /* TimerManager.swift */; };
		9CE0E44C1EFC970D00428B19 /* TimerUtility.swift in Sources */ = {isa = PBXBuildFile; fileRef = 9C02AF661EC532F800B0A68F /* TimerUtility.swift */; };
		9CE0E44D1EFC992900428B19 /* AimSessionDurationInfoDelegate.swift in Sources */ = {isa = PBXBuildFile; fileRef = 9C02AF6A1EC53A1500B0A68F /* AimSessionDurationInfoDelegate.swift */; };
		9CE0E4501EFCB0A900428B19 /* AimUserLite.swift in Sources */ = {isa = PBXBuildFile; fileRef = 9CE0E44E1EFCB0A600428B19 /* AimUserLite.swift */; };
		9CE0E4521EFECD9800428B19 /* AimUserInfoInterfaceController.swift in Sources */ = {isa = PBXBuildFile; fileRef = 9CE0E4511EFECD9800428B19 /* AimUserInfoInterfaceController.swift */; };
		9CFB01371E65431B00D0AAA4 /* GoogleService-Info.plist in Resources */ = {isa = PBXBuildFile; fileRef = 9CFB01361E65431B00D0AAA4 /* GoogleService-Info.plist */; };
		9CFB01381E65431B00D0AAA4 /* GoogleService-Info.plist in Resources */ = {isa = PBXBuildFile; fileRef = 9CFB01361E65431B00D0AAA4 /* GoogleService-Info.plist */; };
		9CFB01391E65431B00D0AAA4 /* GoogleService-Info.plist in Resources */ = {isa = PBXBuildFile; fileRef = 9CFB01361E65431B00D0AAA4 /* GoogleService-Info.plist */; };
		9CFB013A1E65431B00D0AAA4 /* GoogleService-Info.plist in Resources */ = {isa = PBXBuildFile; fileRef = 9CFB01361E65431B00D0AAA4 /* GoogleService-Info.plist */; };
		CC755824142A1A3CDDCBDE45 /* Pods_Aim__.framework in Frameworks */ = {isa = PBXBuildFile; fileRef = 64416062BBC5FEAD97CD4E6F /* Pods_Aim__.framework */; };
		F226F6FD778CC7A57CD2E9C9 /* Pods_Aim__Tests.framework in Frameworks */ = {isa = PBXBuildFile; fileRef = 9A8C154FCF40464363F5363D /* Pods_Aim__Tests.framework */; };
/* End PBXBuildFile section */

/* Begin PBXContainerItemProxy section */
		9C6890AF1DA5DA8D005CA654 /* PBXContainerItemProxy */ = {
			isa = PBXContainerItemProxy;
			containerPortal = 9C6890921DA5DA8D005CA654 /* Project object */;
			proxyType = 1;
			remoteGlobalIDString = 9C6890991DA5DA8D005CA654;
			remoteInfo = "Aim!";
		};
		9C6890D31DA5E5C0005CA654 /* PBXContainerItemProxy */ = {
			isa = PBXContainerItemProxy;
			containerPortal = 9C6890921DA5DA8D005CA654 /* Project object */;
			proxyType = 1;
			remoteGlobalIDString = 9C6890D01DA5E5C0005CA654;
			remoteInfo = "Aim! For watchOS Extension";
		};
		9C6890E11DA5E5C0005CA654 /* PBXContainerItemProxy */ = {
			isa = PBXContainerItemProxy;
			containerPortal = 9C6890921DA5DA8D005CA654 /* Project object */;
			proxyType = 1;
			remoteGlobalIDString = 9C6890C41DA5E5C0005CA654;
			remoteInfo = "Aim! For watchOS";
		};
/* End PBXContainerItemProxy section */

/* Begin PBXCopyFilesBuildPhase section */
		9C1035921EE0D9FD00535645 /* Embed Frameworks */ = {
			isa = PBXCopyFilesBuildPhase;
			buildActionMask = 2147483647;
			dstPath = "";
			dstSubfolderSpec = 10;
			files = (
				9C1035911EE0D9FC00535645 /* RealmSwift.framework in Embed Frameworks */,
				9C10358F1EE0D9FC00535645 /* Realm.framework in Embed Frameworks */,
			);
			name = "Embed Frameworks";
			runOnlyForDeploymentPostprocessing = 0;
		};
		9C6890E91DA5E5C0005CA654 /* Embed App Extensions */ = {
			isa = PBXCopyFilesBuildPhase;
			buildActionMask = 2147483647;
			dstPath = "";
			dstSubfolderSpec = 13;
			files = (
				9C6890D21DA5E5C0005CA654 /* Aim! Extension.appex in Embed App Extensions */,
			);
			name = "Embed App Extensions";
			runOnlyForDeploymentPostprocessing = 0;
		};
		9C6890EB1DA5E5C0005CA654 /* Embed Watch Content */ = {
			isa = PBXCopyFilesBuildPhase;
			buildActionMask = 2147483647;
			dstPath = "$(CONTENTS_FOLDER_PATH)/Watch";
			dstSubfolderSpec = 16;
			files = (
				9C6890E31DA5E5C0005CA654 /* Aim! .app in Embed Watch Content */,
			);
			name = "Embed Watch Content";
			runOnlyForDeploymentPostprocessing = 0;
		};
/* End PBXCopyFilesBuildPhase section */

/* Begin PBXFileReference section */
		0F1D23586B6982792E9372E9 /* Pods-Aim! Tests.release.xcconfig */ = {isa = PBXFileReference; includeInIndex = 1; lastKnownFileType = text.xcconfig; name = "Pods-Aim! Tests.release.xcconfig"; path = "Pods/Target Support Files/Pods-Aim! Tests/Pods-Aim! Tests.release.xcconfig"; sourceTree = "<group>"; };
		25C9E071FCC443A47E84B0C9 /* Pods-Aim! Extension.debug.xcconfig */ = {isa = PBXFileReference; includeInIndex = 1; lastKnownFileType = text.xcconfig; name = "Pods-Aim! Extension.debug.xcconfig"; path = "Pods/Target Support Files/Pods-Aim! Extension/Pods-Aim! Extension.debug.xcconfig"; sourceTree = "<group>"; };
		2999EC352E41DCD6F77D65AE /* Pods-Aim! Tests.debug.xcconfig */ = {isa = PBXFileReference; includeInIndex = 1; lastKnownFileType = text.xcconfig; name = "Pods-Aim! Tests.debug.xcconfig"; path = "Pods/Target Support Files/Pods-Aim! Tests/Pods-Aim! Tests.debug.xcconfig"; sourceTree = "<group>"; };
		32C09E72C6BCE94C3AEC28A1 /* Pods-Aim! Extension.release.xcconfig */ = {isa = PBXFileReference; includeInIndex = 1; lastKnownFileType = text.xcconfig; name = "Pods-Aim! Extension.release.xcconfig"; path = "Pods/Target Support Files/Pods-Aim! Extension/Pods-Aim! Extension.release.xcconfig"; sourceTree = "<group>"; };
		32CE82B4047DCFFE94E09643 /* Pods-Aim! .debug.xcconfig */ = {isa = PBXFileReference; includeInIndex = 1; lastKnownFileType = text.xcconfig; name = "Pods-Aim! .debug.xcconfig"; path = "Pods/Target Support Files/Pods-Aim! /Pods-Aim! .debug.xcconfig"; sourceTree = "<group>"; };
		49BD30373DF56C357AC09BF6 /* Pods-Aim! .release.xcconfig */ = {isa = PBXFileReference; includeInIndex = 1; lastKnownFileType = text.xcconfig; name = "Pods-Aim! .release.xcconfig"; path = "Pods/Target Support Files/Pods-Aim! /Pods-Aim! .release.xcconfig"; sourceTree = "<group>"; };
		64416062BBC5FEAD97CD4E6F /* Pods_Aim__.framework */ = {isa = PBXFileReference; explicitFileType = wrapper.framework; includeInIndex = 0; path = Pods_Aim__.framework; sourceTree = BUILT_PRODUCTS_DIR; };
		9A8C154FCF40464363F5363D /* Pods_Aim__Tests.framework */ = {isa = PBXFileReference; explicitFileType = wrapper.framework; includeInIndex = 0; path = Pods_Aim__Tests.framework; sourceTree = BUILT_PRODUCTS_DIR; };
		9C02AF661EC532F800B0A68F /* TimerUtility.swift */ = {isa = PBXFileReference; fileEncoding = 4; lastKnownFileType = sourcecode.swift; path = TimerUtility.swift; sourceTree = "<group>"; };
		9C02AF681EC5350000B0A68F /* SessionDurationManager.swift */ = {isa = PBXFileReference; fileEncoding = 4; lastKnownFileType = sourcecode.swift; path = SessionDurationManager.swift; sourceTree = "<group>"; };
		9C02AF6A1EC53A1500B0A68F /* AimSessionDurationInfoDelegate.swift */ = {isa = PBXFileReference; fileEncoding = 4; lastKnownFileType = sourcecode.swift; path = AimSessionDurationInfoDelegate.swift; sourceTree = "<group>"; };
		9C02AF6C1EC6728300B0A68F /* CoreMotion.framework */ = {isa = PBXFileReference; lastKnownFileType = wrapper.framework; name = CoreMotion.framework; path = System/Library/Frameworks/CoreMotion.framework; sourceTree = SDKROOT; };
		9C02AF6E1EC6729500B0A68F /* CoreSpotlight.framework */ = {isa = PBXFileReference; lastKnownFileType = wrapper.framework; name = CoreSpotlight.framework; path = System/Library/Frameworks/CoreSpotlight.framework; sourceTree = SDKROOT; };
		9C02AF701EC7B53700B0A68F /* CoreLocation.framework */ = {isa = PBXFileReference; lastKnownFileType = wrapper.framework; name = CoreLocation.framework; path = System/Library/Frameworks/CoreLocation.framework; sourceTree = SDKROOT; };
		9C02AF741EC7D97A00B0A68F /* Aim!.entitlements */ = {isa = PBXFileReference; lastKnownFileType = text.plist.entitlements; path = "Aim!.entitlements"; sourceTree = "<group>"; };
		9C03015B1EEA413100D2C0B4 /* AimCustomRaisedButton.swift */ = {isa = PBXFileReference; fileEncoding = 4; lastKnownFileType = sourcecode.swift; path = AimCustomRaisedButton.swift; sourceTree = "<group>"; };
		9C0D6B561EDAA3BE00B0542D /* AimSessionInterfaceController.swift */ = {isa = PBXFileReference; fileEncoding = 4; lastKnownFileType = sourcecode.swift; path = AimSessionInterfaceController.swift; sourceTree = "<group>"; };
		9C0D6B5A1EDAA6AA00B0542D /* AimMainSessionSelectionInterfaceController.swift */ = {isa = PBXFileReference; fileEncoding = 4; lastKnownFileType = sourcecode.swift; path = AimMainSessionSelectionInterfaceController.swift; sourceTree = "<group>"; };
		9C0D6B5F1EDAA7E900B0542D /* AimSessionSelectionTable.swift */ = {isa = PBXFileReference; fileEncoding = 4; lastKnownFileType = sourcecode.swift; path = AimSessionSelectionTable.swift; sourceTree = "<group>"; };
		9C0D6B621EDAACEA00B0542D /* AimSessionRowController.swift */ = {isa = PBXFileReference; fileEncoding = 4; lastKnownFileType = sourcecode.swift; path = AimSessionRowController.swift; sourceTree = "<group>"; };
		9C0DE43A1E176AE6006EA06D /* Aim!-Bridging-Header.h */ = {isa = PBXFileReference; lastKnownFileType = sourcecode.c.h; path = "Aim!-Bridging-Header.h"; sourceTree = SOURCE_ROOT; };
		9C1035881EE0D7E800535645 /* AimUser.swift */ = {isa = PBXFileReference; fileEncoding = 4; lastKnownFileType = sourcecode.swift; path = AimUser.swift; sourceTree = "<group>"; };
		9C10358C1EE0D9FC00535645 /* Realm.framework */ = {isa = PBXFileReference; lastKnownFileType = wrapper.framework; path = Realm.framework; sourceTree = "<group>"; };
		9C10358D1EE0D9FC00535645 /* RealmSwift.framework */ = {isa = PBXFileReference; lastKnownFileType = wrapper.framework; path = RealmSwift.framework; sourceTree = "<group>"; };
		9C153F9D1ED4C65800DE3BC8 /* AimSessionAddingPopupViewController.swift */ = {isa = PBXFileReference; fileEncoding = 4; lastKnownFileType = sourcecode.swift; path = AimSessionAddingPopupViewController.swift; sourceTree = "<group>"; };
		9C1944161EEF7F3800F9C68D /* AimUserAccountInfoViewController.swift */ = {isa = PBXFileReference; fileEncoding = 4; lastKnownFileType = sourcecode.swift; path = AimUserAccountInfoViewController.swift; sourceTree = "<group>"; };
		9C3203A01EB57AD300FD6746 /* AimSessionForceSelectionProtocol.swift */ = {isa = PBXFileReference; fileEncoding = 4; lastKnownFileType = sourcecode.swift; path = AimSessionForceSelectionProtocol.swift; sourceTree = "<group>"; };
		9C3203A31EB6A24300FD6746 /* AimQuoteView.swift */ = {isa = PBXFileReference; fileEncoding = 4; lastKnownFileType = sourcecode.swift; path = AimQuoteView.swift; sourceTree = "<group>"; };
		9C356B401E7DBAC6008C1BEE /* AimSessionSelectionVCCollectionViewCell.swift */ = {isa = PBXFileReference; fileEncoding = 4; lastKnownFileType = sourcecode.swift; path = AimSessionSelectionVCCollectionViewCell.swift; sourceTree = "<group>"; };
		9C3A3A021E7DE7320053D8AC /* AimAwardsViewController.swift */ = {isa = PBXFileReference; fileEncoding = 4; lastKnownFileType = sourcecode.swift; path = AimAwardsViewController.swift; sourceTree = "<group>"; };
		9C3E31D31E677B2400963631 /* AimSessionSelectionMainViewController.swift */ = {isa = PBXFileReference; fileEncoding = 4; lastKnownFileType = sourcecode.swift; path = AimSessionSelectionMainViewController.swift; sourceTree = "<group>"; };
		9C6221881EC16D2D00D38B92 /* AimSettingsTableViewController.swift */ = {isa = PBXFileReference; fileEncoding = 4; lastKnownFileType = sourcecode.swift; path = AimSettingsTableViewController.swift; sourceTree = "<group>"; };
		9C62218A1EC280DA00D38B92 /* AimSessionViewController.swift */ = {isa = PBXFileReference; fileEncoding = 4; lastKnownFileType = sourcecode.swift; path = AimSessionViewController.swift; sourceTree = "<group>"; };
		9C62218C1EC2C78900D38B92 /* AimForceTouchSelectionSettingsTableViewController.swift */ = {isa = PBXFileReference; fileEncoding = 4; lastKnownFileType = sourcecode.swift; path = AimForceTouchSelectionSettingsTableViewController.swift; sourceTree = "<group>"; };
		9C646DE11E7884DB007D4578 /* PhosphateProInline.otf */ = {isa = PBXFileReference; lastKnownFileType = file; path = PhosphateProInline.otf; sourceTree = "<group>"; };
		9C646DE61E788591007D4578 /* Info.plist */ = {isa = PBXFileReference; fileEncoding = 4; lastKnownFileType = text.plist.xml; path = Info.plist; sourceTree = "<group>"; };
		9C68909A1DA5DA8D005CA654 /* Aim!.app */ = {isa = PBXFileReference; explicitFileType = wrapper.application; includeInIndex = 0; path = "Aim!.app"; sourceTree = BUILT_PRODUCTS_DIR; };
		9C68909D1DA5DA8D005CA654 /* AppDelegate.swift */ = {isa = PBXFileReference; lastKnownFileType = sourcecode.swift; path = AppDelegate.swift; sourceTree = "<group>"; };
		9C6890A21DA5DA8D005CA654 /* Base */ = {isa = PBXFileReference; lastKnownFileType = file.storyboard; name = Base; path = Base.lproj/Main.storyboard; sourceTree = "<group>"; };
		9C6890A41DA5DA8D005CA654 /* Assets.xcassets */ = {isa = PBXFileReference; lastKnownFileType = folder.assetcatalog; path = Assets.xcassets; sourceTree = "<group>"; };
		9C6890A71DA5DA8D005CA654 /* Base */ = {isa = PBXFileReference; lastKnownFileType = file.storyboard; name = Base; path = Base.lproj/LaunchScreen.storyboard; sourceTree = "<group>"; };
		9C6890AE1DA5DA8D005CA654 /* Aim! Tests.xctest */ = {isa = PBXFileReference; explicitFileType = wrapper.cfbundle; includeInIndex = 0; path = "Aim! Tests.xctest"; sourceTree = BUILT_PRODUCTS_DIR; };
		9C6890B21DA5DA8D005CA654 /* Aim_Tests.swift */ = {isa = PBXFileReference; lastKnownFileType = sourcecode.swift; path = Aim_Tests.swift; sourceTree = "<group>"; };
		9C6890B41DA5DA8D005CA654 /* Info.plist */ = {isa = PBXFileReference; lastKnownFileType = text.plist.xml; path = Info.plist; sourceTree = "<group>"; };
		9C6890C51DA5E5C0005CA654 /* Aim! .app */ = {isa = PBXFileReference; explicitFileType = wrapper.application; includeInIndex = 0; path = "Aim! .app"; sourceTree = BUILT_PRODUCTS_DIR; };
		9C6890C81DA5E5C0005CA654 /* Base */ = {isa = PBXFileReference; lastKnownFileType = file.storyboard; name = Base; path = Base.lproj/Interface.storyboard; sourceTree = "<group>"; };
		9C6890CA1DA5E5C0005CA654 /* Assets.xcassets */ = {isa = PBXFileReference; lastKnownFileType = folder.assetcatalog; path = Assets.xcassets; sourceTree = "<group>"; };
		9C6890CC1DA5E5C0005CA654 /* Info.plist */ = {isa = PBXFileReference; lastKnownFileType = text.plist.xml; path = Info.plist; sourceTree = "<group>"; };
		9C6890D11DA5E5C0005CA654 /* Aim! Extension.appex */ = {isa = PBXFileReference; explicitFileType = "wrapper.app-extension"; includeInIndex = 0; path = "Aim! Extension.appex"; sourceTree = BUILT_PRODUCTS_DIR; };
		9C6890D71DA5E5C0005CA654 /* PushNotificationPayload.apns */ = {isa = PBXFileReference; lastKnownFileType = text; path = PushNotificationPayload.apns; sourceTree = "<group>"; };
		9C6890D81DA5E5C0005CA654 /* AimMainInterfaceController.swift */ = {isa = PBXFileReference; lastKnownFileType = sourcecode.swift; path = AimMainInterfaceController.swift; sourceTree = "<group>"; };
		9C6890DA1DA5E5C0005CA654 /* ExtensionDelegate.swift */ = {isa = PBXFileReference; lastKnownFileType = sourcecode.swift; path = ExtensionDelegate.swift; sourceTree = "<group>"; };
		9C6890DC1DA5E5C0005CA654 /* NotificationController.swift */ = {isa = PBXFileReference; lastKnownFileType = sourcecode.swift; path = NotificationController.swift; sourceTree = "<group>"; };
		9C6890DE1DA5E5C0005CA654 /* Assets.xcassets */ = {isa = PBXFileReference; lastKnownFileType = folder.assetcatalog; path = Assets.xcassets; sourceTree = "<group>"; };
		9C6890E01DA5E5C0005CA654 /* Info.plist */ = {isa = PBXFileReference; lastKnownFileType = text.plist.xml; path = Info.plist; sourceTree = "<group>"; };
		9C7160241DC5A940003C7773 /* AimDurationDelegate.swift */ = {isa = PBXFileReference; fileEncoding = 4; lastKnownFileType = sourcecode.swift; path = AimDurationDelegate.swift; sourceTree = "<group>"; };
		9C7160251DC5A940003C7773 /* TimerManager.swift */ = {isa = PBXFileReference; fileEncoding = 4; lastKnownFileType = sourcecode.swift; path = TimerManager.swift; sourceTree = "<group>"; };
		9C73A4771EDF85D5007C7F1F /* AimSessionCentral.swift */ = {isa = PBXFileReference; fileEncoding = 4; lastKnownFileType = sourcecode.swift; path = AimSessionCentral.swift; sourceTree = "<group>"; };
		9C89F7161EE3504A008AE8CC /* AimSessionFetchedArrayExtension.swift */ = {isa = PBXFileReference; fileEncoding = 4; lastKnownFileType = sourcecode.swift; path = AimSessionFetchedArrayExtension.swift; sourceTree = "<group>"; };
		9C8BD1BA1EE214C30026188C /* AimSessionLite.swift */ = {isa = PBXFileReference; fileEncoding = 4; lastKnownFileType = sourcecode.swift; path = AimSessionLite.swift; sourceTree = "<group>"; };
		9C8BD1BC1EE21D940026188C /* Aim! Extension.entitlements */ = {isa = PBXFileReference; lastKnownFileType = text.plist.entitlements; path = "Aim! Extension.entitlements"; sourceTree = "<group>"; };
		9C8BD1BE1EE3400C0026188C /* AimImageCachingExtension.swift */ = {isa = PBXFileReference; fileEncoding = 4; lastKnownFileType = sourcecode.swift; path = AimImageCachingExtension.swift; sourceTree = "<group>"; };
		9C9E49AF1EA0518A00D5D368 /* AimSession.swift */ = {isa = PBXFileReference; fileEncoding = 4; lastKnownFileType = sourcecode.swift; path = AimSession.swift; sourceTree = "<group>"; };
		9CB1592C1EA3019F000039F0 /* AimSessionAddingPopUpView.swift */ = {isa = PBXFileReference; fileEncoding = 4; lastKnownFileType = sourcecode.swift; path = AimSessionAddingPopUpView.swift; sourceTree = "<group>"; };
		9CB6401E1EF89914009EB61E /* AimNotificationSettingsTableViewController.swift */ = {isa = PBXFileReference; fileEncoding = 4; lastKnownFileType = sourcecode.swift; path = AimNotificationSettingsTableViewController.swift; sourceTree = "<group>"; };
		9CC0134F1E458D2200EDC879 /* AimLoginViewController.swift */ = {isa = PBXFileReference; fileEncoding = 4; lastKnownFileType = sourcecode.swift; path = AimLoginViewController.swift; sourceTree = "<group>"; };
		9CC013511E459EE500EDC879 /* LoginViewControllerTextField.swift */ = {isa = PBXFileReference; fileEncoding = 4; lastKnownFileType = sourcecode.swift; path = LoginViewControllerTextField.swift; sourceTree = "<group>"; };
		9CD69A661EF357F800521877 /* AimTokenConversionManager.swift */ = {isa = PBXFileReference; fileEncoding = 4; lastKnownFileType = sourcecode.swift; path = AimTokenConversionManager.swift; sourceTree = "<group>"; };
		9CE0E44E1EFCB0A600428B19 /* AimUserLite.swift */ = {isa = PBXFileReference; fileEncoding = 4; lastKnownFileType = sourcecode.swift; path = AimUserLite.swift; sourceTree = "<group>"; };
		9CE0E4511EFECD9800428B19 /* AimUserInfoInterfaceController.swift */ = {isa = PBXFileReference; fileEncoding = 4; lastKnownFileType = sourcecode.swift; path = AimUserInfoInterfaceController.swift; sourceTree = "<group>"; };
		9CFB01361E65431B00D0AAA4 /* GoogleService-Info.plist */ = {isa = PBXFileReference; fileEncoding = 4; lastKnownFileType = text.plist.xml; path = "GoogleService-Info.plist"; sourceTree = "<group>"; };
		BC579E14087983E2E7125488 /* Pods_Aim__Extension.framework */ = {isa = PBXFileReference; explicitFileType = wrapper.framework; includeInIndex = 0; path = Pods_Aim__Extension.framework; sourceTree = BUILT_PRODUCTS_DIR; };
		BCDCC97A35C9C7089B5DBCEC /* Pods-Aim!.debug.xcconfig */ = {isa = PBXFileReference; includeInIndex = 1; lastKnownFileType = text.xcconfig; name = "Pods-Aim!.debug.xcconfig"; path = "Pods/Target Support Files/Pods-Aim!/Pods-Aim!.debug.xcconfig"; sourceTree = "<group>"; };
		C375D2CEDC0E5DE05DED8279 /* Pods-Aim!.release.xcconfig */ = {isa = PBXFileReference; includeInIndex = 1; lastKnownFileType = text.xcconfig; name = "Pods-Aim!.release.xcconfig"; path = "Pods/Target Support Files/Pods-Aim!/Pods-Aim!.release.xcconfig"; sourceTree = "<group>"; };
		EB7433A6F6591F15CE8DD57F /* Pods_Aim_.framework */ = {isa = PBXFileReference; explicitFileType = wrapper.framework; includeInIndex = 0; path = Pods_Aim_.framework; sourceTree = BUILT_PRODUCTS_DIR; };
/* End PBXFileReference section */

/* Begin PBXFrameworksBuildPhase section */
		9C6890971DA5DA8D005CA654 /* Frameworks */ = {
			isa = PBXFrameworksBuildPhase;
			buildActionMask = 2147483647;
			files = (
				9C02AF711EC7B53700B0A68F /* CoreLocation.framework in Frameworks */,
				9C02AF6F1EC6729500B0A68F /* CoreSpotlight.framework in Frameworks */,
				9C02AF6D1EC6728300B0A68F /* CoreMotion.framework in Frameworks */,
				305C18356C44AEABDF3105AC /* Pods_Aim_.framework in Frameworks */,
			);
			runOnlyForDeploymentPostprocessing = 0;
		};
		9C6890AB1DA5DA8D005CA654 /* Frameworks */ = {
			isa = PBXFrameworksBuildPhase;
			buildActionMask = 2147483647;
			files = (
				F226F6FD778CC7A57CD2E9C9 /* Pods_Aim__Tests.framework in Frameworks */,
			);
			runOnlyForDeploymentPostprocessing = 0;
		};
		9C6890CE1DA5E5C0005CA654 /* Frameworks */ = {
			isa = PBXFrameworksBuildPhase;
			buildActionMask = 2147483647;
			files = (
				9C10358E1EE0D9FC00535645 /* Realm.framework in Frameworks */,
				75659762C66996131985A075 /* Pods_Aim__Extension.framework in Frameworks */,
				9C1035901EE0D9FC00535645 /* RealmSwift.framework in Frameworks */,
			);
			runOnlyForDeploymentPostprocessing = 0;
		};
		BDE089E74B7CD90930647D8A /* Frameworks */ = {
			isa = PBXFrameworksBuildPhase;
			buildActionMask = 2147483647;
			files = (
				CC755824142A1A3CDDCBDE45 /* Pods_Aim__.framework in Frameworks */,
			);
			runOnlyForDeploymentPostprocessing = 0;
		};
/* End PBXFrameworksBuildPhase section */

/* Begin PBXGroup section */
		042A268C7D5DC0A3E18646E0 /* Frameworks */ = {
			isa = PBXGroup;
			children = (
				9C10358C1EE0D9FC00535645 /* Realm.framework */,
				9C10358D1EE0D9FC00535645 /* RealmSwift.framework */,
				9C02AF701EC7B53700B0A68F /* CoreLocation.framework */,
				9C02AF6E1EC6729500B0A68F /* CoreSpotlight.framework */,
				9C02AF6C1EC6728300B0A68F /* CoreMotion.framework */,
				EB7433A6F6591F15CE8DD57F /* Pods_Aim_.framework */,
				64416062BBC5FEAD97CD4E6F /* Pods_Aim__.framework */,
				BC579E14087983E2E7125488 /* Pods_Aim__Extension.framework */,
				9A8C154FCF40464363F5363D /* Pods_Aim__Tests.framework */,
			);
			name = Frameworks;
			sourceTree = "<group>";
		};
		6C3EFACE547162E3A4F4A25D /* Pods */ = {
			isa = PBXGroup;
			children = (
				BCDCC97A35C9C7089B5DBCEC /* Pods-Aim!.debug.xcconfig */,
				C375D2CEDC0E5DE05DED8279 /* Pods-Aim!.release.xcconfig */,
				32CE82B4047DCFFE94E09643 /* Pods-Aim! .debug.xcconfig */,
				49BD30373DF56C357AC09BF6 /* Pods-Aim! .release.xcconfig */,
				25C9E071FCC443A47E84B0C9 /* Pods-Aim! Extension.debug.xcconfig */,
				32C09E72C6BCE94C3AEC28A1 /* Pods-Aim! Extension.release.xcconfig */,
				2999EC352E41DCD6F77D65AE /* Pods-Aim! Tests.debug.xcconfig */,
				0F1D23586B6982792E9372E9 /* Pods-Aim! Tests.release.xcconfig */,
			);
			name = Pods;
			sourceTree = "<group>";
		};
		9C02AF651EC532D700B0A68F /* Utility Classes */ = {
			isa = PBXGroup;
			children = (
				9C02AF661EC532F800B0A68F /* TimerUtility.swift */,
				9C8BD1BE1EE3400C0026188C /* AimImageCachingExtension.swift */,
				9C89F7161EE3504A008AE8CC /* AimSessionFetchedArrayExtension.swift */,
			);
			name = "Utility Classes";
			sourceTree = "<group>";
		};
		9C646DE01E7884B8007D4578 /* Phosphate Font */ = {
			isa = PBXGroup;
			children = (
				9C646DE11E7884DB007D4578 /* PhosphateProInline.otf */,
			);
			name = "Phosphate Font";
			sourceTree = "<group>";
		};
		9C646DE81E78859A007D4578 /* Supporting Files */ = {
			isa = PBXGroup;
			children = (
				9C02AF741EC7D97A00B0A68F /* Aim!.entitlements */,
				9C0DE43A1E176AE6006EA06D /* Aim!-Bridging-Header.h */,
			);
			name = "Supporting Files";
			sourceTree = "<group>";
		};
		9C6890911DA5DA8D005CA654 = {
			isa = PBXGroup;
			children = (
				9C8BD1BC1EE21D940026188C /* Aim! Extension.entitlements */,
				9C68909C1DA5DA8D005CA654 /* Aim! */,
				9C6890B11DA5DA8D005CA654 /* Aim!Tests */,
				9C6890C61DA5E5C0005CA654 /* Aim! For watchOS */,
				9C6890D51DA5E5C0005CA654 /* Aim! For watchOS Extension */,
				9C68909B1DA5DA8D005CA654 /* Products */,
				6C3EFACE547162E3A4F4A25D /* Pods */,
				042A268C7D5DC0A3E18646E0 /* Frameworks */,
			);
			sourceTree = "<group>";
		};
		9C68909B1DA5DA8D005CA654 /* Products */ = {
			isa = PBXGroup;
			children = (
				9C68909A1DA5DA8D005CA654 /* Aim!.app */,
				9C6890AE1DA5DA8D005CA654 /* Aim! Tests.xctest */,
				9C6890C51DA5E5C0005CA654 /* Aim! .app */,
				9C6890D11DA5E5C0005CA654 /* Aim! Extension.appex */,
			);
			name = Products;
			sourceTree = "<group>";
		};
		9C68909C1DA5DA8D005CA654 /* Aim! */ = {
			isa = PBXGroup;
			children = (
				9C73A4771EDF85D5007C7F1F /* AimSessionCentral.swift */,
				9C646DE81E78859A007D4578 /* Supporting Files */,
				9C68909D1DA5DA8D005CA654 /* AppDelegate.swift */,
				9C646DE61E788591007D4578 /* Info.plist */,
				9C9E49AE1EA0517700D5D368 /* Models */,
				9CFFE2851DB313EE00895C3C /* Controllers */,
				9C7F38361DC690050038BC2F /* Protocols */,
				9CFFE2861DB3140C00895C3C /* UI Files */,
				9C7F38371DC690200038BC2F /* Manager Classes */,
				9C02AF651EC532D700B0A68F /* Utility Classes */,
			);
			path = "Aim!";
			sourceTree = "<group>";
		};
		9C6890B11DA5DA8D005CA654 /* Aim!Tests */ = {
			isa = PBXGroup;
			children = (
				9C6890B21DA5DA8D005CA654 /* Aim_Tests.swift */,
				9C6890B41DA5DA8D005CA654 /* Info.plist */,
			);
			path = "Aim!Tests";
			sourceTree = "<group>";
		};
		9C6890C61DA5E5C0005CA654 /* Aim! For watchOS */ = {
			isa = PBXGroup;
			children = (
				9C6890C71DA5E5C0005CA654 /* Interface.storyboard */,
				9C6890CA1DA5E5C0005CA654 /* Assets.xcassets */,
				9C6890CC1DA5E5C0005CA654 /* Info.plist */,
				9CFB01361E65431B00D0AAA4 /* GoogleService-Info.plist */,
			);
			path = "Aim! For watchOS";
			sourceTree = "<group>";
		};
		9C6890D51DA5E5C0005CA654 /* Aim! For watchOS Extension */ = {
			isa = PBXGroup;
			children = (
				9C6890D81DA5E5C0005CA654 /* AimMainInterfaceController.swift */,
				9C0D6B5A1EDAA6AA00B0542D /* AimMainSessionSelectionInterfaceController.swift */,
				9C0D6B621EDAACEA00B0542D /* AimSessionRowController.swift */,
				9C0D6B561EDAA3BE00B0542D /* AimSessionInterfaceController.swift */,
				9CE0E4511EFECD9800428B19 /* AimUserInfoInterfaceController.swift */,
				9C6890DC1DA5E5C0005CA654 /* NotificationController.swift */,
				9C0D6B5F1EDAA7E900B0542D /* AimSessionSelectionTable.swift */,
				9C6890DA1DA5E5C0005CA654 /* ExtensionDelegate.swift */,
				9C6890DE1DA5E5C0005CA654 /* Assets.xcassets */,
				9C6890E01DA5E5C0005CA654 /* Info.plist */,
				9C6890D61DA5E5C0005CA654 /* Supporting Files */,
			);
			path = "Aim! For watchOS Extension";
			sourceTree = "<group>";
		};
		9C6890D61DA5E5C0005CA654 /* Supporting Files */ = {
			isa = PBXGroup;
			children = (
				9C6890D71DA5E5C0005CA654 /* PushNotificationPayload.apns */,
			);
			name = "Supporting Files";
			sourceTree = "<group>";
		};
		9C7F38361DC690050038BC2F /* Protocols */ = {
			isa = PBXGroup;
			children = (
				9C7160241DC5A940003C7773 /* AimDurationDelegate.swift */,
				9C3203A01EB57AD300FD6746 /* AimSessionForceSelectionProtocol.swift */,
				9C02AF6A1EC53A1500B0A68F /* AimSessionDurationInfoDelegate.swift */,
			);
			name = Protocols;
			sourceTree = "<group>";
		};
		9C7F38371DC690200038BC2F /* Manager Classes */ = {
			isa = PBXGroup;
			children = (
				9C7160251DC5A940003C7773 /* TimerManager.swift */,
				9C02AF681EC5350000B0A68F /* SessionDurationManager.swift */,
				9CD69A661EF357F800521877 /* AimTokenConversionManager.swift */,
			);
			name = "Manager Classes";
			sourceTree = "<group>";
		};
		9C9E49AE1EA0517700D5D368 /* Models */ = {
			isa = PBXGroup;
			children = (
				9C9E49AF1EA0518A00D5D368 /* AimSession.swift */,
				9C1035881EE0D7E800535645 /* AimUser.swift */,
				9C8BD1BA1EE214C30026188C /* AimSessionLite.swift */,
				9CE0E44E1EFCB0A600428B19 /* AimUserLite.swift */,
			);
			name = Models;
			sourceTree = "<group>";
		};
		9CFFE2851DB313EE00895C3C /* Controllers */ = {
			isa = PBXGroup;
			children = (
				9CC0134F1E458D2200EDC879 /* AimLoginViewController.swift */,
				9C3E31D31E677B2400963631 /* AimSessionSelectionMainViewController.swift */,
				9C3A3A021E7DE7320053D8AC /* AimAwardsViewController.swift */,
				9C6221881EC16D2D00D38B92 /* AimSettingsTableViewController.swift */,
				9C62218A1EC280DA00D38B92 /* AimSessionViewController.swift */,
				9C62218C1EC2C78900D38B92 /* AimForceTouchSelectionSettingsTableViewController.swift */,
				9C153F9D1ED4C65800DE3BC8 /* AimSessionAddingPopupViewController.swift */,
				9C1944161EEF7F3800F9C68D /* AimUserAccountInfoViewController.swift */,
				9CB6401E1EF89914009EB61E /* AimNotificationSettingsTableViewController.swift */,
			);
			name = Controllers;
			sourceTree = "<group>";
		};
		9CFFE2861DB3140C00895C3C /* UI Files */ = {
			isa = PBXGroup;
			children = (
				9C646DE01E7884B8007D4578 /* Phosphate Font */,
				9C6890A11DA5DA8D005CA654 /* Main.storyboard */,
				9C6890A61DA5DA8D005CA654 /* LaunchScreen.storyboard */,
				9C6890A41DA5DA8D005CA654 /* Assets.xcassets */,
				9C356B401E7DBAC6008C1BEE /* AimSessionSelectionVCCollectionViewCell.swift */,
				9CC013511E459EE500EDC879 /* LoginViewControllerTextField.swift */,
				9CB1592C1EA3019F000039F0 /* AimSessionAddingPopUpView.swift */,
				9C3203A31EB6A24300FD6746 /* AimQuoteView.swift */,
				9C03015B1EEA413100D2C0B4 /* AimCustomRaisedButton.swift */,
			);
			name = "UI Files";
			sourceTree = "<group>";
		};
/* End PBXGroup section */

/* Begin PBXNativeTarget section */
		9C6890991DA5DA8D005CA654 /* Aim! */ = {
			isa = PBXNativeTarget;
			buildConfigurationList = 9C6890B71DA5DA8D005CA654 /* Build configuration list for PBXNativeTarget "Aim!" */;
			buildPhases = (
				51A7ADB76467B6718F712529 /* [CP] Check Pods Manifest.lock */,
				9C6890961DA5DA8D005CA654 /* Sources */,
				9C6890971DA5DA8D005CA654 /* Frameworks */,
				9C6890981DA5DA8D005CA654 /* Resources */,
				9C6890EB1DA5E5C0005CA654 /* Embed Watch Content */,
				ED8156AAEAF196BB459A5694 /* [CP] Embed Pods Frameworks */,
				D6D27FB671A64BD30A09C85D /* [CP] Copy Pods Resources */,
			);
			buildRules = (
			);
			dependencies = (
				9C6890E21DA5E5C0005CA654 /* PBXTargetDependency */,
			);
			name = "Aim!";
			productName = "Aim!";
			productReference = 9C68909A1DA5DA8D005CA654 /* Aim!.app */;
			productType = "com.apple.product-type.application";
		};
		9C6890AD1DA5DA8D005CA654 /* Aim! Tests */ = {
			isa = PBXNativeTarget;
			buildConfigurationList = 9C6890BA1DA5DA8D005CA654 /* Build configuration list for PBXNativeTarget "Aim! Tests" */;
			buildPhases = (
				34B88BA92DFA9E00AF75321A /* [CP] Check Pods Manifest.lock */,
				9C6890AA1DA5DA8D005CA654 /* Sources */,
				9C6890AB1DA5DA8D005CA654 /* Frameworks */,
				9C6890AC1DA5DA8D005CA654 /* Resources */,
				82DFAB52D7C8C4965A85C643 /* [CP] Embed Pods Frameworks */,
				C8FC612420CC011923100B57 /* [CP] Copy Pods Resources */,
			);
			buildRules = (
			);
			dependencies = (
				9C6890B01DA5DA8D005CA654 /* PBXTargetDependency */,
			);
			name = "Aim! Tests";
			productName = "Aim!Tests";
			productReference = 9C6890AE1DA5DA8D005CA654 /* Aim! Tests.xctest */;
			productType = "com.apple.product-type.bundle.unit-test";
		};
		9C6890C41DA5E5C0005CA654 /* Aim!  */ = {
			isa = PBXNativeTarget;
			buildConfigurationList = 9C6890EA1DA5E5C0005CA654 /* Build configuration list for PBXNativeTarget "Aim! " */;
			buildPhases = (
				7F5B1B64E771221D7B01EBA2 /* [CP] Check Pods Manifest.lock */,
				9C6890C31DA5E5C0005CA654 /* Resources */,
				9C6890E91DA5E5C0005CA654 /* Embed App Extensions */,
				BDE089E74B7CD90930647D8A /* Frameworks */,
				36CBCEB42B802E65335B31B4 /* [CP] Copy Pods Resources */,
			);
			buildRules = (
			);
			dependencies = (
				9C6890D41DA5E5C0005CA654 /* PBXTargetDependency */,
			);
			name = "Aim! ";
			productName = "Aim! For watchOS";
			productReference = 9C6890C51DA5E5C0005CA654 /* Aim! .app */;
			productType = "com.apple.product-type.application.watchapp2";
		};
		9C6890D01DA5E5C0005CA654 /* Aim! Extension */ = {
			isa = PBXNativeTarget;
			buildConfigurationList = 9C6890E81DA5E5C0005CA654 /* Build configuration list for PBXNativeTarget "Aim! Extension" */;
			buildPhases = (
				DF8A6CAC5F5D241A4DF4F4FF /* [CP] Check Pods Manifest.lock */,
				9C6890CD1DA5E5C0005CA654 /* Sources */,
				9C6890CE1DA5E5C0005CA654 /* Frameworks */,
				9C6890CF1DA5E5C0005CA654 /* Resources */,
				265813E64F7F08076C9D302D /* [CP] Embed Pods Frameworks */,
				2AAA4F4458C476D24751734D /* [CP] Copy Pods Resources */,
				9C1035921EE0D9FD00535645 /* Embed Frameworks */,
			);
			buildRules = (
			);
			dependencies = (
			);
			name = "Aim! Extension";
			productName = "Aim! For watchOS Extension";
			productReference = 9C6890D11DA5E5C0005CA654 /* Aim! Extension.appex */;
			productType = "com.apple.product-type.watchkit2-extension";
		};
/* End PBXNativeTarget section */

/* Begin PBXProject section */
		9C6890921DA5DA8D005CA654 /* Project object */ = {
			isa = PBXProject;
			attributes = {
				LastSwiftUpdateCheck = 0730;
				LastUpgradeCheck = 0830;
				ORGANIZATIONNAME = "Martin Zhang";
				TargetAttributes = {
					9C6890991DA5DA8D005CA654 = {
						CreatedOnToolsVersion = 7.3;
						DevelopmentTeam = FD5Z2GLC5U;
						DevelopmentTeamName = "Martin Zhang (Personal Team)";
						LastSwiftMigration = 0820;
						SystemCapabilities = {
							com.apple.ApplicationGroups.iOS = {
								enabled = 0;
							};
							com.apple.BackgroundModes = {
								enabled = 1;
							};
						};
					};
					9C6890AD1DA5DA8D005CA654 = {
						CreatedOnToolsVersion = 7.3;
						LastSwiftMigration = 0800;
						TestTargetID = 9C6890991DA5DA8D005CA654;
					};
					9C6890C41DA5E5C0005CA654 = {
						CreatedOnToolsVersion = 7.3;
						DevelopmentTeam = FD5Z2GLC5U;
						LastSwiftMigration = 0800;
					};
					9C6890D01DA5E5C0005CA654 = {
						CreatedOnToolsVersion = 7.3;
						DevelopmentTeam = FD5Z2GLC5U;
						DevelopmentTeamName = "Martin Zhang (Personal Team)";
						LastSwiftMigration = 0800;
						SystemCapabilities = {
							com.apple.ApplicationGroups.iOS = {
								enabled = 0;
							};
						};
					};
				};
			};
			buildConfigurationList = 9C6890951DA5DA8D005CA654 /* Build configuration list for PBXProject "Aim!" */;
			compatibilityVersion = "Xcode 3.2";
			developmentRegion = English;
			hasScannedForEncodings = 0;
			knownRegions = (
				en,
				Base,
			);
			mainGroup = 9C6890911DA5DA8D005CA654;
			productRefGroup = 9C68909B1DA5DA8D005CA654 /* Products */;
			projectDirPath = "";
			projectRoot = "";
			targets = (
				9C6890991DA5DA8D005CA654 /* Aim! */,
				9C6890AD1DA5DA8D005CA654 /* Aim! Tests */,
				9C6890C41DA5E5C0005CA654 /* Aim!  */,
				9C6890D01DA5E5C0005CA654 /* Aim! Extension */,
			);
		};
/* End PBXProject section */

/* Begin PBXResourcesBuildPhase section */
		9C6890981DA5DA8D005CA654 /* Resources */ = {
			isa = PBXResourcesBuildPhase;
			buildActionMask = 2147483647;
			files = (
				9C6890A81DA5DA8D005CA654 /* LaunchScreen.storyboard in Resources */,
				9C646DE21E7884DB007D4578 /* PhosphateProInline.otf in Resources */,
				9C6890A51DA5DA8D005CA654 /* Assets.xcassets in Resources */,
				9C6890A31DA5DA8D005CA654 /* Main.storyboard in Resources */,
				9CFB01371E65431B00D0AAA4 /* GoogleService-Info.plist in Resources */,
			);
			runOnlyForDeploymentPostprocessing = 0;
		};
		9C6890AC1DA5DA8D005CA654 /* Resources */ = {
			isa = PBXResourcesBuildPhase;
			buildActionMask = 2147483647;
			files = (
				9CFB01381E65431B00D0AAA4 /* GoogleService-Info.plist in Resources */,
			);
			runOnlyForDeploymentPostprocessing = 0;
		};
		9C6890C31DA5E5C0005CA654 /* Resources */ = {
			isa = PBXResourcesBuildPhase;
			buildActionMask = 2147483647;
			files = (
				9C6890CB1DA5E5C0005CA654 /* Assets.xcassets in Resources */,
				9C646DE51E7884E8007D4578 /* PhosphateProInline.otf in Resources */,
				9CFB01391E65431B00D0AAA4 /* GoogleService-Info.plist in Resources */,
				9C6890C91DA5E5C0005CA654 /* Interface.storyboard in Resources */,
			);
			runOnlyForDeploymentPostprocessing = 0;
		};
		9C6890CF1DA5E5C0005CA654 /* Resources */ = {
			isa = PBXResourcesBuildPhase;
			buildActionMask = 2147483647;
			files = (
				9C646DE41E7884DB007D4578 /* PhosphateProInline.otf in Resources */,
				9C6890DF1DA5E5C0005CA654 /* Assets.xcassets in Resources */,
				9CFB013A1E65431B00D0AAA4 /* GoogleService-Info.plist in Resources */,
			);
			runOnlyForDeploymentPostprocessing = 0;
		};
/* End PBXResourcesBuildPhase section */

/* Begin PBXShellScriptBuildPhase section */
		265813E64F7F08076C9D302D /* [CP] Embed Pods Frameworks */ = {
			isa = PBXShellScriptBuildPhase;
			buildActionMask = 2147483647;
			files = (
			);
			inputPaths = (
			);
			name = "[CP] Embed Pods Frameworks";
			outputPaths = (
			);
			runOnlyForDeploymentPostprocessing = 0;
			shellPath = /bin/sh;
			shellScript = "\"${SRCROOT}/Pods/Target Support Files/Pods-Aim! Extension/Pods-Aim! Extension-frameworks.sh\"\n";
			showEnvVarsInLog = 0;
		};
		2AAA4F4458C476D24751734D /* [CP] Copy Pods Resources */ = {
			isa = PBXShellScriptBuildPhase;
			buildActionMask = 2147483647;
			files = (
			);
			inputPaths = (
			);
			name = "[CP] Copy Pods Resources";
			outputPaths = (
			);
			runOnlyForDeploymentPostprocessing = 0;
			shellPath = /bin/sh;
			shellScript = "\"${SRCROOT}/Pods/Target Support Files/Pods-Aim! Extension/Pods-Aim! Extension-resources.sh\"\n";
			showEnvVarsInLog = 0;
		};
		34B88BA92DFA9E00AF75321A /* [CP] Check Pods Manifest.lock */ = {
			isa = PBXShellScriptBuildPhase;
			buildActionMask = 2147483647;
			files = (
			);
			inputPaths = (
			);
			name = "[CP] Check Pods Manifest.lock";
			outputPaths = (
			);
			runOnlyForDeploymentPostprocessing = 0;
			shellPath = /bin/sh;
			shellScript = "diff \"${PODS_ROOT}/../Podfile.lock\" \"${PODS_ROOT}/Manifest.lock\" > /dev/null\nif [ $? != 0 ] ; then\n    # print error to STDERR\n    echo \"error: The sandbox is not in sync with the Podfile.lock. Run 'pod install' or update your CocoaPods installation.\" >&2\n    exit 1\nfi\n";
			showEnvVarsInLog = 0;
		};
		36CBCEB42B802E65335B31B4 /* [CP] Copy Pods Resources */ = {
			isa = PBXShellScriptBuildPhase;
			buildActionMask = 2147483647;
			files = (
			);
			inputPaths = (
			);
			name = "[CP] Copy Pods Resources";
			outputPaths = (
			);
			runOnlyForDeploymentPostprocessing = 0;
			shellPath = /bin/sh;
			shellScript = "\"${SRCROOT}/Pods/Target Support Files/Pods-Aim! /Pods-Aim! -resources.sh\"\n";
			showEnvVarsInLog = 0;
		};
		51A7ADB76467B6718F712529 /* [CP] Check Pods Manifest.lock */ = {
			isa = PBXShellScriptBuildPhase;
			buildActionMask = 2147483647;
			files = (
			);
			inputPaths = (
			);
			name = "[CP] Check Pods Manifest.lock";
			outputPaths = (
			);
			runOnlyForDeploymentPostprocessing = 0;
			shellPath = /bin/sh;
			shellScript = "diff \"${PODS_ROOT}/../Podfile.lock\" \"${PODS_ROOT}/Manifest.lock\" > /dev/null\nif [ $? != 0 ] ; then\n    # print error to STDERR\n    echo \"error: The sandbox is not in sync with the Podfile.lock. Run 'pod install' or update your CocoaPods installation.\" >&2\n    exit 1\nfi\n";
			showEnvVarsInLog = 0;
		};
		7F5B1B64E771221D7B01EBA2 /* [CP] Check Pods Manifest.lock */ = {
			isa = PBXShellScriptBuildPhase;
			buildActionMask = 2147483647;
			files = (
			);
			inputPaths = (
			);
			name = "[CP] Check Pods Manifest.lock";
			outputPaths = (
			);
			runOnlyForDeploymentPostprocessing = 0;
			shellPath = /bin/sh;
			shellScript = "diff \"${PODS_ROOT}/../Podfile.lock\" \"${PODS_ROOT}/Manifest.lock\" > /dev/null\nif [ $? != 0 ] ; then\n    # print error to STDERR\n    echo \"error: The sandbox is not in sync with the Podfile.lock. Run 'pod install' or update your CocoaPods installation.\" >&2\n    exit 1\nfi\n";
			showEnvVarsInLog = 0;
		};
		82DFAB52D7C8C4965A85C643 /* [CP] Embed Pods Frameworks */ = {
			isa = PBXShellScriptBuildPhase;
			buildActionMask = 2147483647;
			files = (
			);
			inputPaths = (
			);
			name = "[CP] Embed Pods Frameworks";
			outputPaths = (
			);
			runOnlyForDeploymentPostprocessing = 0;
			shellPath = /bin/sh;
			shellScript = "\"${SRCROOT}/Pods/Target Support Files/Pods-Aim! Tests/Pods-Aim! Tests-frameworks.sh\"\n";
			showEnvVarsInLog = 0;
		};
		C8FC612420CC011923100B57 /* [CP] Copy Pods Resources */ = {
			isa = PBXShellScriptBuildPhase;
			buildActionMask = 2147483647;
			files = (
			);
			inputPaths = (
			);
			name = "[CP] Copy Pods Resources";
			outputPaths = (
			);
			runOnlyForDeploymentPostprocessing = 0;
			shellPath = /bin/sh;
			shellScript = "\"${SRCROOT}/Pods/Target Support Files/Pods-Aim! Tests/Pods-Aim! Tests-resources.sh\"\n";
			showEnvVarsInLog = 0;
		};
		D6D27FB671A64BD30A09C85D /* [CP] Copy Pods Resources */ = {
			isa = PBXShellScriptBuildPhase;
			buildActionMask = 2147483647;
			files = (
			);
			inputPaths = (
			);
			name = "[CP] Copy Pods Resources";
			outputPaths = (
			);
			runOnlyForDeploymentPostprocessing = 0;
			shellPath = /bin/sh;
			shellScript = "\"${SRCROOT}/Pods/Target Support Files/Pods-Aim!/Pods-Aim!-resources.sh\"\n";
			showEnvVarsInLog = 0;
		};
		DF8A6CAC5F5D241A4DF4F4FF /* [CP] Check Pods Manifest.lock */ = {
			isa = PBXShellScriptBuildPhase;
			buildActionMask = 2147483647;
			files = (
			);
			inputPaths = (
			);
			name = "[CP] Check Pods Manifest.lock";
			outputPaths = (
			);
			runOnlyForDeploymentPostprocessing = 0;
			shellPath = /bin/sh;
			shellScript = "diff \"${PODS_ROOT}/../Podfile.lock\" \"${PODS_ROOT}/Manifest.lock\" > /dev/null\nif [ $? != 0 ] ; then\n    # print error to STDERR\n    echo \"error: The sandbox is not in sync with the Podfile.lock. Run 'pod install' or update your CocoaPods installation.\" >&2\n    exit 1\nfi\n";
			showEnvVarsInLog = 0;
		};
		ED8156AAEAF196BB459A5694 /* [CP] Embed Pods Frameworks */ = {
			isa = PBXShellScriptBuildPhase;
			buildActionMask = 2147483647;
			files = (
			);
			inputPaths = (
			);
			name = "[CP] Embed Pods Frameworks";
			outputPaths = (
			);
			runOnlyForDeploymentPostprocessing = 0;
			shellPath = /bin/sh;
			shellScript = "\"${SRCROOT}/Pods/Target Support Files/Pods-Aim!/Pods-Aim!-frameworks.sh\"\n";
			showEnvVarsInLog = 0;
		};
/* End PBXShellScriptBuildPhase section */

/* Begin PBXSourcesBuildPhase section */
		9C6890961DA5DA8D005CA654 /* Sources */ = {
			isa = PBXSourcesBuildPhase;
			buildActionMask = 2147483647;
			files = (
				9C1035891EE0D7E800535645 /* AimUser.swift in Sources */,
				9CC013501E458D2200EDC879 /* AimLoginViewController.swift in Sources */,
				9C3203A11EB57AD300FD6746 /* AimSessionForceSelectionProtocol.swift in Sources */,
				9C3E31D41E677B2400963631 /* AimSessionSelectionMainViewController.swift in Sources */,
				9C8BD1BB1EE214C30026188C /* AimSessionLite.swift in Sources */,
				9C7160271DC5A940003C7773 /* TimerManager.swift in Sources */,
				9C356B411E7DBAC6008C1BEE /* AimSessionSelectionVCCollectionViewCell.swift in Sources */,
				9C3203A41EB6A24300FD6746 /* AimQuoteView.swift in Sources */,
				9C73A4781EDF85D5007C7F1F /* AimSessionCentral.swift in Sources */,
				9C02AF671EC532F800B0A68F /* TimerUtility.swift in Sources */,
				9C89F7171EE3504A008AE8CC /* AimSessionFetchedArrayExtension.swift in Sources */,
				9C68909E1DA5DA8D005CA654 /* AppDelegate.swift in Sources */,
				9C03015C1EEA413100D2C0B4 /* AimCustomRaisedButton.swift in Sources */,
				9C153F9E1ED4C65800DE3BC8 /* AimSessionAddingPopupViewController.swift in Sources */,
				9CC013521E459EE500EDC879 /* LoginViewControllerTextField.swift in Sources */,
				9C02AF6B1EC53A1500B0A68F /* AimSessionDurationInfoDelegate.swift in Sources */,
				9C8BD1BF1EE3400C0026188C /* AimImageCachingExtension.swift in Sources */,
				9C9E49B01EA0518A00D5D368 /* AimSession.swift in Sources */,
				9CD69A671EF357F800521877 /* AimTokenConversionManager.swift in Sources */,
				9C6221891EC16D2D00D38B92 /* AimSettingsTableViewController.swift in Sources */,
				9C7160261DC5A940003C7773 /* AimDurationDelegate.swift in Sources */,
				9C62218B1EC280DA00D38B92 /* AimSessionViewController.swift in Sources */,
				9C1944171EEF7F3800F9C68D /* AimUserAccountInfoViewController.swift in Sources */,
				9CB6401F1EF89914009EB61E /* AimNotificationSettingsTableViewController.swift in Sources */,
				9C62218D1EC2C78900D38B92 /* AimForceTouchSelectionSettingsTableViewController.swift in Sources */,
				9C3A3A031E7DE7320053D8AC /* AimAwardsViewController.swift in Sources */,
				9CB1592D1EA3019F000039F0 /* AimSessionAddingPopUpView.swift in Sources */,
				9C02AF691EC5350000B0A68F /* SessionDurationManager.swift in Sources */,
			);
			runOnlyForDeploymentPostprocessing = 0;
		};
		9C6890AA1DA5DA8D005CA654 /* Sources */ = {
			isa = PBXSourcesBuildPhase;
			buildActionMask = 2147483647;
			files = (
				9C6890B31DA5DA8D005CA654 /* Aim_Tests.swift in Sources */,
			);
			runOnlyForDeploymentPostprocessing = 0;
		};
		9C6890CD1DA5E5C0005CA654 /* Sources */ = {
			isa = PBXSourcesBuildPhase;
			buildActionMask = 2147483647;
			files = (
				9CE0E4501EFCB0A900428B19 /* AimUserLite.swift in Sources */,
				9CE0E44D1EFC992900428B19 /* AimSessionDurationInfoDelegate.swift in Sources */,
				9C8BD1BD1EE238320026188C /* AimSessionLite.swift in Sources */,
				9C0D6B601EDAA7E900B0542D /* AimSessionSelectionTable.swift in Sources */,
				9C0D6B5E1EDAA78300B0542D /* AimSessionInterfaceController.swift in Sources */,
				9C6890DD1DA5E5C0005CA654 /* NotificationController.swift in Sources */,
				9C0D6B631EDAACEA00B0542D /* AimSessionRowController.swift in Sources */,
				9CE0E44B1EFC957B00428B19 /* TimerManager.swift in Sources */,
				9C1035931EE0DA0200535645 /* AimUser.swift in Sources */,
				9C1035871EE0D7C300535645 /* AimSession.swift in Sources */,
				9CE0E4521EFECD9800428B19 /* AimUserInfoInterfaceController.swift in Sources */,
				9CE0E4481EFC806A00428B19 /* AimTokenConversionManager.swift in Sources */,
				9C6890DB1DA5E5C0005CA654 /* ExtensionDelegate.swift in Sources */,
				9CE0E44C1EFC970D00428B19 /* TimerUtility.swift in Sources */,
				9C6890D91DA5E5C0005CA654 /* AimMainInterfaceController.swift in Sources */,
				9C73A47A1EDF943C007C7F1F /* AimSessionCentral.swift in Sources */,
				9C0D6B5C1EDAA70D00B0542D /* AimMainSessionSelectionInterfaceController.swift in Sources */,
			);
			runOnlyForDeploymentPostprocessing = 0;
		};
/* End PBXSourcesBuildPhase section */

/* Begin PBXTargetDependency section */
		9C6890B01DA5DA8D005CA654 /* PBXTargetDependency */ = {
			isa = PBXTargetDependency;
			target = 9C6890991DA5DA8D005CA654 /* Aim! */;
			targetProxy = 9C6890AF1DA5DA8D005CA654 /* PBXContainerItemProxy */;
		};
		9C6890D41DA5E5C0005CA654 /* PBXTargetDependency */ = {
			isa = PBXTargetDependency;
			target = 9C6890D01DA5E5C0005CA654 /* Aim! Extension */;
			targetProxy = 9C6890D31DA5E5C0005CA654 /* PBXContainerItemProxy */;
		};
		9C6890E21DA5E5C0005CA654 /* PBXTargetDependency */ = {
			isa = PBXTargetDependency;
			target = 9C6890C41DA5E5C0005CA654 /* Aim!  */;
			targetProxy = 9C6890E11DA5E5C0005CA654 /* PBXContainerItemProxy */;
		};
/* End PBXTargetDependency section */

/* Begin PBXVariantGroup section */
		9C6890A11DA5DA8D005CA654 /* Main.storyboard */ = {
			isa = PBXVariantGroup;
			children = (
				9C6890A21DA5DA8D005CA654 /* Base */,
			);
			name = Main.storyboard;
			sourceTree = "<group>";
		};
		9C6890A61DA5DA8D005CA654 /* LaunchScreen.storyboard */ = {
			isa = PBXVariantGroup;
			children = (
				9C6890A71DA5DA8D005CA654 /* Base */,
			);
			name = LaunchScreen.storyboard;
			sourceTree = "<group>";
		};
		9C6890C71DA5E5C0005CA654 /* Interface.storyboard */ = {
			isa = PBXVariantGroup;
			children = (
				9C6890C81DA5E5C0005CA654 /* Base */,
			);
			name = Interface.storyboard;
			sourceTree = "<group>";
		};
/* End PBXVariantGroup section */

/* Begin XCBuildConfiguration section */
		9C6890B51DA5DA8D005CA654 /* Debug */ = {
			isa = XCBuildConfiguration;
			buildSettings = {
				ALWAYS_SEARCH_USER_PATHS = NO;
				CLANG_ANALYZER_NONNULL = YES;
				CLANG_CXX_LANGUAGE_STANDARD = "gnu++0x";
				CLANG_CXX_LIBRARY = "libc++";
				CLANG_ENABLE_MODULES = YES;
				CLANG_ENABLE_OBJC_ARC = YES;
				CLANG_WARN_BOOL_CONVERSION = YES;
				CLANG_WARN_CONSTANT_CONVERSION = YES;
				CLANG_WARN_DIRECT_OBJC_ISA_USAGE = YES_ERROR;
				CLANG_WARN_EMPTY_BODY = YES;
				CLANG_WARN_ENUM_CONVERSION = YES;
				CLANG_WARN_INFINITE_RECURSION = YES;
				CLANG_WARN_INT_CONVERSION = YES;
				CLANG_WARN_OBJC_ROOT_CLASS = YES_ERROR;
				CLANG_WARN_SUSPICIOUS_MOVE = YES;
				CLANG_WARN_UNREACHABLE_CODE = YES;
				CLANG_WARN__DUPLICATE_METHOD_MATCH = YES;
				"CODE_SIGN_IDENTITY[sdk=iphoneos*]" = "iPhone Developer";
				COPY_PHASE_STRIP = NO;
				DEBUG_INFORMATION_FORMAT = dwarf;
				ENABLE_STRICT_OBJC_MSGSEND = YES;
				ENABLE_TESTABILITY = YES;
				FRAMEWORK_SEARCH_PATHS = (
					/Users/martinzhang/Documents/FacebookSDKs/Bolts.framework,
					/Users/martinzhang/Documents/FacebookSDKs,
				);
				GCC_C_LANGUAGE_STANDARD = gnu99;
				GCC_DYNAMIC_NO_PIC = NO;
				GCC_NO_COMMON_BLOCKS = YES;
				GCC_OPTIMIZATION_LEVEL = 0;
				GCC_PREPROCESSOR_DEFINITIONS = (
					"DEBUG=1",
					"$(inherited)",
				);
				GCC_WARN_64_TO_32_BIT_CONVERSION = YES;
				GCC_WARN_ABOUT_RETURN_TYPE = YES_ERROR;
				GCC_WARN_UNDECLARED_SELECTOR = YES;
				GCC_WARN_UNINITIALIZED_AUTOS = YES_AGGRESSIVE;
				GCC_WARN_UNUSED_FUNCTION = YES;
				GCC_WARN_UNUSED_VARIABLE = YES;
				IPHONEOS_DEPLOYMENT_TARGET = 10.2;
				MTL_ENABLE_DEBUG_INFO = YES;
				ONLY_ACTIVE_ARCH = YES;
				SDKROOT = iphoneos;
				SWIFT_OPTIMIZATION_LEVEL = "-Onone";
			};
			name = Debug;
		};
		9C6890B61DA5DA8D005CA654 /* Release */ = {
			isa = XCBuildConfiguration;
			buildSettings = {
				ALWAYS_SEARCH_USER_PATHS = NO;
				CLANG_ANALYZER_NONNULL = YES;
				CLANG_CXX_LANGUAGE_STANDARD = "gnu++0x";
				CLANG_CXX_LIBRARY = "libc++";
				CLANG_ENABLE_MODULES = YES;
				CLANG_ENABLE_OBJC_ARC = YES;
				CLANG_WARN_BOOL_CONVERSION = YES;
				CLANG_WARN_CONSTANT_CONVERSION = YES;
				CLANG_WARN_DIRECT_OBJC_ISA_USAGE = YES_ERROR;
				CLANG_WARN_EMPTY_BODY = YES;
				CLANG_WARN_ENUM_CONVERSION = YES;
				CLANG_WARN_INFINITE_RECURSION = YES;
				CLANG_WARN_INT_CONVERSION = YES;
				CLANG_WARN_OBJC_ROOT_CLASS = YES_ERROR;
				CLANG_WARN_SUSPICIOUS_MOVE = YES;
				CLANG_WARN_UNREACHABLE_CODE = YES;
				CLANG_WARN__DUPLICATE_METHOD_MATCH = YES;
				"CODE_SIGN_IDENTITY[sdk=iphoneos*]" = "iPhone Developer";
				COPY_PHASE_STRIP = NO;
				DEBUG_INFORMATION_FORMAT = "dwarf-with-dsym";
				ENABLE_NS_ASSERTIONS = NO;
				ENABLE_STRICT_OBJC_MSGSEND = YES;
				FRAMEWORK_SEARCH_PATHS = (
					/Users/martinzhang/Documents/FacebookSDKs/Bolts.framework,
					/Users/martinzhang/Documents/FacebookSDKs,
				);
				GCC_C_LANGUAGE_STANDARD = gnu99;
				GCC_NO_COMMON_BLOCKS = YES;
				GCC_WARN_64_TO_32_BIT_CONVERSION = YES;
				GCC_WARN_ABOUT_RETURN_TYPE = YES_ERROR;
				GCC_WARN_UNDECLARED_SELECTOR = YES;
				GCC_WARN_UNINITIALIZED_AUTOS = YES_AGGRESSIVE;
				GCC_WARN_UNUSED_FUNCTION = YES;
				GCC_WARN_UNUSED_VARIABLE = YES;
				IPHONEOS_DEPLOYMENT_TARGET = 10.2;
				MTL_ENABLE_DEBUG_INFO = NO;
				SDKROOT = iphoneos;
				SWIFT_OPTIMIZATION_LEVEL = "-Owholemodule";
				VALIDATE_PRODUCT = YES;
			};
			name = Release;
		};
		9C6890B81DA5DA8D005CA654 /* Debug */ = {
			isa = XCBuildConfiguration;
			baseConfigurationReference = BCDCC97A35C9C7089B5DBCEC /* Pods-Aim!.debug.xcconfig */;
			buildSettings = {
				ASSETCATALOG_COMPILER_APPICON_NAME = AppIcon;
				CLANG_ENABLE_MODULES = YES;
				CODE_SIGN_ENTITLEMENTS = "Aim!/Aim!.entitlements";
				DEVELOPMENT_TEAM = FD5Z2GLC5U;
				INFOPLIST_FILE = "Aim!/Info.plist";
				LD_RUNPATH_SEARCH_PATHS = "$(inherited) @executable_path/Frameworks";
				PRODUCT_BUNDLE_IDENTIFIER = com.martinzhang.Aim;
				PRODUCT_NAME = "$(TARGET_NAME)";
				SWIFT_OBJC_BRIDGING_HEADER = "Aim!-Bridging-Header.h";
				SWIFT_OPTIMIZATION_LEVEL = "-Onone";
				SWIFT_VERSION = 3.0;
			};
			name = Debug;
		};
		9C6890B91DA5DA8D005CA654 /* Release */ = {
			isa = XCBuildConfiguration;
			baseConfigurationReference = C375D2CEDC0E5DE05DED8279 /* Pods-Aim!.release.xcconfig */;
			buildSettings = {
				ASSETCATALOG_COMPILER_APPICON_NAME = AppIcon;
				CLANG_ENABLE_MODULES = YES;
				CODE_SIGN_ENTITLEMENTS = "Aim!/Aim!.entitlements";
				DEVELOPMENT_TEAM = FD5Z2GLC5U;
				INFOPLIST_FILE = "Aim!/Info.plist";
				LD_RUNPATH_SEARCH_PATHS = "$(inherited) @executable_path/Frameworks";
				PRODUCT_BUNDLE_IDENTIFIER = com.martinzhang.Aim;
				PRODUCT_NAME = "$(TARGET_NAME)";
				SWIFT_OBJC_BRIDGING_HEADER = "Aim!-Bridging-Header.h";
				SWIFT_VERSION = 3.0;
			};
			name = Release;
		};
		9C6890BB1DA5DA8D005CA654 /* Debug */ = {
			isa = XCBuildConfiguration;
			baseConfigurationReference = 2999EC352E41DCD6F77D65AE /* Pods-Aim! Tests.debug.xcconfig */;
			buildSettings = {
				BUNDLE_LOADER = "$(TEST_HOST)";
				FRAMEWORK_SEARCH_PATHS = (
					/Users/martinzhang/Documents/FacebookSDKs/Bolts.framework,
					/Users/martinzhang/Documents/FacebookSDKs,
					"\"$(SRCROOT)/../Frameworks/Realm.framework\"",
					"\"$(SRCROOT)/../Frameworks/RealmSwift.framework\"",
				);
				INFOPLIST_FILE = "Aim!Tests/Info.plist";
				LD_RUNPATH_SEARCH_PATHS = "$(inherited) @executable_path/Frameworks @loader_path/Frameworks";
				PRODUCT_BUNDLE_IDENTIFIER = "com.martinzhang.Aim-Tests";
				PRODUCT_NAME = "$(TARGET_NAME)";
				SWIFT_VERSION = 3.0;
				TEST_HOST = "$(BUILT_PRODUCTS_DIR)/Aim!.app/Aim!";
			};
			name = Debug;
		};
		9C6890BC1DA5DA8D005CA654 /* Release */ = {
			isa = XCBuildConfiguration;
			baseConfigurationReference = 0F1D23586B6982792E9372E9 /* Pods-Aim! Tests.release.xcconfig */;
			buildSettings = {
				BUNDLE_LOADER = "$(TEST_HOST)";
				FRAMEWORK_SEARCH_PATHS = (
					/Users/martinzhang/Documents/FacebookSDKs/Bolts.framework,
					/Users/martinzhang/Documents/FacebookSDKs,
					"\"$(SRCROOT)/../Frameworks/Realm.framework\"",
					"\"$(SRCROOT)/../Frameworks/RealmSwift.framework\"",
				);
				INFOPLIST_FILE = "Aim!Tests/Info.plist";
				LD_RUNPATH_SEARCH_PATHS = "$(inherited) @executable_path/Frameworks @loader_path/Frameworks";
				PRODUCT_BUNDLE_IDENTIFIER = "com.martinzhang.Aim-Tests";
				PRODUCT_NAME = "$(TARGET_NAME)";
				SWIFT_VERSION = 3.0;
				TEST_HOST = "$(BUILT_PRODUCTS_DIR)/Aim!.app/Aim!";
			};
			name = Release;
		};
		9C6890E41DA5E5C0005CA654 /* Debug */ = {
			isa = XCBuildConfiguration;
			baseConfigurationReference = 32CE82B4047DCFFE94E09643 /* Pods-Aim! .debug.xcconfig */;
			buildSettings = {
				ALWAYS_EMBED_SWIFT_STANDARD_LIBRARIES = YES;
				ASSETCATALOG_COMPILER_APPICON_NAME = AppIcon;
				DEVELOPMENT_TEAM = FD5Z2GLC5U;
				IBSC_MODULE = Aim__For_watchOS_Extension;
				INFOPLIST_FILE = "Aim! For watchOS/Info.plist";
				PRODUCT_BUNDLE_IDENTIFIER = "com.martinzhang.Aim-.watchkitapp";
				PRODUCT_NAME = "$(TARGET_NAME)";
				SDKROOT = watchos;
				SKIP_INSTALL = YES;
				SWIFT_VERSION = 3.0;
				TARGETED_DEVICE_FAMILY = 4;
				WATCHOS_DEPLOYMENT_TARGET = 2.2;
			};
			name = Debug;
		};
		9C6890E51DA5E5C0005CA654 /* Release */ = {
			isa = XCBuildConfiguration;
			baseConfigurationReference = 49BD30373DF56C357AC09BF6 /* Pods-Aim! .release.xcconfig */;
			buildSettings = {
				ALWAYS_EMBED_SWIFT_STANDARD_LIBRARIES = YES;
				ASSETCATALOG_COMPILER_APPICON_NAME = AppIcon;
				DEVELOPMENT_TEAM = FD5Z2GLC5U;
				IBSC_MODULE = Aim__For_watchOS_Extension;
				INFOPLIST_FILE = "Aim! For watchOS/Info.plist";
				PRODUCT_BUNDLE_IDENTIFIER = "com.martinzhang.Aim-.watchkitapp";
				PRODUCT_NAME = "$(TARGET_NAME)";
				SDKROOT = watchos;
				SKIP_INSTALL = YES;
				SWIFT_VERSION = 3.0;
				TARGETED_DEVICE_FAMILY = 4;
				WATCHOS_DEPLOYMENT_TARGET = 2.2;
			};
			name = Release;
		};
		9C6890E61DA5E5C0005CA654 /* Debug */ = {
			isa = XCBuildConfiguration;
			baseConfigurationReference = 25C9E071FCC443A47E84B0C9 /* Pods-Aim! Extension.debug.xcconfig */;
			buildSettings = {
				DEVELOPMENT_TEAM = FD5Z2GLC5U;
				FRAMEWORK_SEARCH_PATHS = (
					"$(inherited)",
					"$(PROJECT_DIR)",
				);
				INFOPLIST_FILE = "Aim! For watchOS Extension/Info.plist";
				LD_RUNPATH_SEARCH_PATHS = "$(inherited) @executable_path/Frameworks @executable_path/../../Frameworks";
				PRODUCT_BUNDLE_IDENTIFIER = "com.martinzhang.Aim-.watchkitapp.watchkitextension";
				PRODUCT_NAME = "${TARGET_NAME}";
				SDKROOT = watchos;
				SKIP_INSTALL = YES;
				SWIFT_VERSION = 3.0;
				TARGETED_DEVICE_FAMILY = 4;
				WATCHOS_DEPLOYMENT_TARGET = 2.2;
			};
			name = Debug;
		};
		9C6890E71DA5E5C0005CA654 /* Release */ = {
			isa = XCBuildConfiguration;
			baseConfigurationReference = 32C09E72C6BCE94C3AEC28A1 /* Pods-Aim! Extension.release.xcconfig */;
			buildSettings = {
				DEVELOPMENT_TEAM = FD5Z2GLC5U;
				FRAMEWORK_SEARCH_PATHS = (
					"$(inherited)",
					"$(PROJECT_DIR)",
				);
				INFOPLIST_FILE = "Aim! For watchOS Extension/Info.plist";
				LD_RUNPATH_SEARCH_PATHS = "$(inherited) @executable_path/Frameworks @executable_path/../../Frameworks";
				PRODUCT_BUNDLE_IDENTIFIER = "com.martinzhang.Aim-.watchkitapp.watchkitextension";
				PRODUCT_NAME = "${TARGET_NAME}";
				SDKROOT = watchos;
				SKIP_INSTALL = YES;
				SWIFT_VERSION = 3.0;
				TARGETED_DEVICE_FAMILY = 4;
				WATCHOS_DEPLOYMENT_TARGET = 2.2;
			};
			name = Release;
		};
/* End XCBuildConfiguration section */

/* Begin XCConfigurationList section */
		9C6890951DA5DA8D005CA654 /* Build configuration list for PBXProject "Aim!" */ = {
			isa = XCConfigurationList;
			buildConfigurations = (
				9C6890B51DA5DA8D005CA654 /* Debug */,
				9C6890B61DA5DA8D005CA654 /* Release */,
			);
			defaultConfigurationIsVisible = 0;
			defaultConfigurationName = Release;
		};
		9C6890B71DA5DA8D005CA654 /* Build configuration list for PBXNativeTarget "Aim!" */ = {
			isa = XCConfigurationList;
			buildConfigurations = (
				9C6890B81DA5DA8D005CA654 /* Debug */,
				9C6890B91DA5DA8D005CA654 /* Release */,
			);
			defaultConfigurationIsVisible = 0;
			defaultConfigurationName = Release;
		};
		9C6890BA1DA5DA8D005CA654 /* Build configuration list for PBXNativeTarget "Aim! Tests" */ = {
			isa = XCConfigurationList;
			buildConfigurations = (
				9C6890BB1DA5DA8D005CA654 /* Debug */,
				9C6890BC1DA5DA8D005CA654 /* Release */,
			);
			defaultConfigurationIsVisible = 0;
			defaultConfigurationName = Release;
		};
		9C6890E81DA5E5C0005CA654 /* Build configuration list for PBXNativeTarget "Aim! Extension" */ = {
			isa = XCConfigurationList;
			buildConfigurations = (
				9C6890E61DA5E5C0005CA654 /* Debug */,
				9C6890E71DA5E5C0005CA654 /* Release */,
			);
			defaultConfigurationIsVisible = 0;
			defaultConfigurationName = Release;
		};
		9C6890EA1DA5E5C0005CA654 /* Build configuration list for PBXNativeTarget "Aim! " */ = {
			isa = XCConfigurationList;
			buildConfigurations = (
				9C6890E41DA5E5C0005CA654 /* Debug */,
				9C6890E51DA5E5C0005CA654 /* Release */,
			);
			defaultConfigurationIsVisible = 0;
			defaultConfigurationName = Release;
		};
/* End XCConfigurationList section */
	};
	rootObject = 9C6890921DA5DA8D005CA654 /* Project object */;
}
